
Microsoft Visual Studio Solution File, Format Version 12.00
# Visual Studio Version 17
VisualStudioVersion = 17.10.35027.167
MinimumVisualStudioVersion = 10.0.40219.1
Project("{FAE04EC0-301F-11D3-BF4B-00C04F79EFBC}") = "GeneticAlgorithm_App", "GeneticAlgorithm_App\GeneticAlgorithm_App.csproj", "{EBDC5DCE-59E2-413E-8822-13586B9A5DFD}"
EndProject
Global
	GlobalSection(SolutionConfigurationPlatforms) = preSolution
		Debug|Any CPU = Debug|Any CPU
		Release|Any CPU = Release|Any CPU
	EndGlobalSection
	GlobalSection(ProjectConfigurationPlatforms) = postSolution
		{EBDC5DCE-59E2-413E-8822-13586B9A5DFD}.Debug|Any CPU.ActiveCfg = Debug|Any CPU
		{EBDC5DCE-59E2-413E-8822-13586B9A5DFD}.Debug|Any CPU.Build.0 = Debug|Any CPU
		{EBDC5DCE-59E2-413E-8822-13586B9A5DFD}.Release|Any CPU.ActiveCfg = Release|Any CPU
		{EBDC5DCE-59E2-413E-8822-13586B9A5DFD}.Release|Any CPU.Build.0 = Release|Any CPU
	EndGlobalSection
	GlobalSection(SolutionProperties) = preSolution
		HideSolutionNode = FALSE
	EndGlobalSection
	GlobalSection(ExtensibilityGlobals) = postSolution
		SolutionGuid = {AE1E2FB5-4DEE-42A5-84F4-1DB07B51209F}
	EndGlobalSection
EndGlobal
